
Microsoft Visual Studio Solution File, Format Version 12.00
# Visual Studio Version 16
VisualStudioVersion = 16.0.30907.101
MinimumVisualStudioVersion = 10.0.40219.1
Project("{FAE04EC0-301F-11D3-BF4B-00C04F79EFBC}") = "HealthCheck", "HealthCheck\HealthCheck.csproj", "{89444057-4BE6-4F5E-B6AA-D2902C893AED}"
EndProject
Global
	GlobalSection(SolutionConfigurationPlatforms) = preSolution
		Debug|Any CPU = Debug|Any CPU
		Release|Any CPU = Release|Any CPU
	EndGlobalSection
	GlobalSection(ProjectConfigurationPlatforms) = postSolution
		{89444057-4BE6-4F5E-B6AA-D2902C893AED}.Debug|Any CPU.ActiveCfg = Debug|Any CPU
		{89444057-4BE6-4F5E-B6AA-D2902C893AED}.Debug|Any CPU.Build.0 = Debug|Any CPU
		{89444057-4BE6-4F5E-B6AA-D2902C893AED}.Release|Any CPU.ActiveCfg = Release|Any CPU
		{89444057-4BE6-4F5E-B6AA-D2902C893AED}.Release|Any CPU.Build.0 = Release|Any CPU
	EndGlobalSection
	GlobalSection(SolutionProperties) = preSolution
		HideSolutionNode = FALSE
	EndGlobalSection
	GlobalSection(ExtensibilityGlobals) = postSolution
		SolutionGuid = {68DD736F-CF20-49CC-9536-E2036258E80C}
	EndGlobalSection
EndGlobal
